
Microsoft Visual Studio Solution File, Format Version 12.00
# Visual Studio 15
VisualStudioVersion = 15.0.26730.15
MinimumVisualStudioVersion = 10.0.40219.1
Project("{FAE04EC0-301F-11D3-BF4B-00C04F79EFBC}") = "snake", "snake\snake.csproj", "{7CE56FB1-FFC0-4E72-BB40-A7E94EAA1831}"
EndProject
Global
	GlobalSection(SolutionConfigurationPlatforms) = preSolution
		Debug|Any CPU = Debug|Any CPU
		Release|Any CPU = Release|Any CPU
	EndGlobalSection
	GlobalSection(ProjectConfigurationPlatforms) = postSolution
		{7CE56FB1-FFC0-4E72-BB40-A7E94EAA1831}.Debug|Any CPU.ActiveCfg = Debug|Any CPU
		{7CE56FB1-FFC0-4E72-BB40-A7E94EAA1831}.Debug|Any CPU.Build.0 = Debug|Any CPU
		{7CE56FB1-FFC0-4E72-BB40-A7E94EAA1831}.Release|Any CPU.ActiveCfg = Release|Any CPU
		{7CE56FB1-FFC0-4E72-BB40-A7E94EAA1831}.Release|Any CPU.Build.0 = Release|Any CPU
	EndGlobalSection
	GlobalSection(SolutionProperties) = preSolution
		HideSolutionNode = FALSE
	EndGlobalSection
	GlobalSection(ExtensibilityGlobals) = postSolution
		SolutionGuid = {85CAF596-61DB-409E-ABFC-2A71A9C85BCD}
	EndGlobalSection
EndGlobal
